{
  "name": "fdp-browser-fs-api",
  "version": "1.0.0",
  "lockfileVersion": 2,
  "requires": true,
  "packages": {
    "": {
      "name": "fdp-browser-fs-api",
      "version": "1.0.0",
      "license": "ISC",
      "dependencies": {
        "file-system-access": "^1.0.2"
      }
    },
    "node_modules/@types/wicg-file-system-access": {
      "version": "2020.9.5",
      "resolved": "https://registry.npmjs.org/@types/wicg-file-system-access/-/wicg-file-system-access-2020.9.5.tgz",
      "integrity": "sha512-UYK244awtmcUYQfs7FR8710MJcefL2WvkyHMjA8yJzxd1mo0Gfn88sRZ1Bls7hiUhA2w7ne1gpJ9T5g3G0wOyA=="
    },
    "node_modules/fetch-blob": {
      "version": "3.2.0",
      "resolved": "https://registry.npmjs.org/fetch-blob/-/fetch-blob-3.2.0.tgz",
      "integrity": "sha512-7yAQpD2UMJzLi1Dqv7qFYnPbaPx7ZfFK6PiIxQ4PfkGPyNyl2Ugx+a/umUonmKqjhM4DnfbMvdX6otXq83soQQ==",
      "funding": [
        {
          "type": "github",
          "url": "https://github.com/sponsors/jimmywarting"
        },
        {
          "type": "paypal",
          "url": "https://paypal.me/jimmywarting"
        }
      ],
      "dependencies": {
        "node-domexception": "^1.0.0",
        "web-streams-polyfill": "^3.0.3"
      },
      "engines": {
        "node": "^12.20 || >= 14.13"
      }
    },
    "node_modules/file-system-access": {
      "version": "1.0.2",
      "resolved": "https://registry.npmjs.org/file-system-access/-/file-system-access-1.0.2.tgz",
      "integrity": "sha512-Jcz6/xdjxon8SydmCajn67WjZm2VM7vgqt3C52Jeeqpv6SndZ7gKIwSS5+ie6V6XaiFZqlXBbJ1/Pzf+Y3/7cA==",
      "dependencies": {
        "@types/wicg-file-system-access": "^2020.9.2",
        "fetch-blob": "^3.0.0",
        "node-domexception": "^1.0.0"
      },
      "engines": {
        "node": ">=14"
      },
      "optionalDependencies": {
        "web-streams-polyfill": "^3.1.0"
      }
    },
    "node_modules/node-domexception": {
      "version": "1.0.0",
      "resolved": "https://registry.npmjs.org/node-domexception/-/node-domexception-1.0.0.tgz",
      "integrity": "sha512-/jKZoMpw0F8GRwl4/eLROPA3cfcXtLApP0QzLmUT/HuPCZWyB7IY9ZrMeKw2O/nFIqPQB3PVM9aYm0F312AXDQ==",
      "funding": [
        {
          "type": "github",
          "url": "https://github.com/sponsors/jimmywarting"
        },
        {
          "type": "github",
          "url": "https://paypal.me/jimmywarting"
        }
      ],
      "engines": {
        "node": ">=10.5.0"
      }
    },
    "node_modules/web-streams-polyfill": {
      "version": "3.2.1",
      "resolved": "https://registry.npmjs.org/web-streams-polyfill/-/web-streams-polyfill-3.2.1.tgz",
      "integrity": "sha512-e0MO3wdXWKrLbL0DgGnUV7WHVuw9OUvL4hjgnPkIeEvESk74gAITi5G606JtZPp39cd8HA9VQzCIvA49LpPN5Q==",
      "engines": {
        "node": ">= 8"
      }
    }
  },
  "dependencies": {
    "@types/wicg-file-system-access": {
      "version": "2020.9.5",
      "resolved": "https://registry.npmjs.org/@types/wicg-file-system-access/-/wicg-file-system-access-2020.9.5.tgz",
      "integrity": "sha512-UYK244awtmcUYQfs7FR8710MJcefL2WvkyHMjA8yJzxd1mo0Gfn88sRZ1Bls7hiUhA2w7ne1gpJ9T5g3G0wOyA=="
    },
    "fetch-blob": {
      "version": "3.2.0",
      "resolved": "https://registry.npmjs.org/fetch-blob/-/fetch-blob-3.2.0.tgz",
      "integrity": "sha512-7yAQpD2UMJzLi1Dqv7qFYnPbaPx7ZfFK6PiIxQ4PfkGPyNyl2Ugx+a/umUonmKqjhM4DnfbMvdX6otXq83soQQ==",
      "requires": {
        "node-domexception": "^1.0.0",
        "web-streams-polyfill": "^3.0.3"
      }
    },
    "file-system-access": {
      "version": "1.0.2",
      "resolved": "https://registry.npmjs.org/file-system-access/-/file-system-access-1.0.2.tgz",
      "integrity": "sha512-Jcz6/xdjxon8SydmCajn67WjZm2VM7vgqt3C52Jeeqpv6SndZ7gKIwSS5+ie6V6XaiFZqlXBbJ1/Pzf+Y3/7cA==",
      "requires": {
        "@types/wicg-file-system-access": "^2020.9.2",
        "fetch-blob": "^3.0.0",
        "node-domexception": "^1.0.0",
        "web-streams-polyfill": "^3.1.0"
      }
    },
    "node-domexception": {
      "version": "1.0.0",
      "resolved": "https://registry.npmjs.org/node-domexception/-/node-domexception-1.0.0.tgz",
      "integrity": "sha512-/jKZoMpw0F8GRwl4/eLROPA3cfcXtLApP0QzLmUT/HuPCZWyB7IY9ZrMeKw2O/nFIqPQB3PVM9aYm0F312AXDQ=="
    },
    "web-streams-polyfill": {
      "version": "3.2.1",
      "resolved": "https://registry.npmjs.org/web-streams-polyfill/-/web-streams-polyfill-3.2.1.tgz",
      "integrity": "sha512-e0MO3wdXWKrLbL0DgGnUV7WHVuw9OUvL4hjgnPkIeEvESk74gAITi5G606JtZPp39cd8HA9VQzCIvA49LpPN5Q=="
    }
  }
}
